
Microsoft Visual Studio Solution File, Format Version 11.00
# Visual Studio 2010
Project("{FAE04EC0-301F-11D3-BF4B-00C04F79EFBC}") = "gcd", "gcd\gcd.csproj", "{F7B6F36C-D2E3-48F1-A07C-C22E94C6A931}"
EndProject
Global
	GlobalSection(SolutionConfigurationPlatforms) = preSolution
		Debug|Any CPU = Debug|Any CPU
		Release|Any CPU = Release|Any CPU
	EndGlobalSection
	GlobalSection(ProjectConfigurationPlatforms) = postSolution
		{F7B6F36C-D2E3-48F1-A07C-C22E94C6A931}.Debug|Any CPU.ActiveCfg = Debug|Any CPU
		{F7B6F36C-D2E3-48F1-A07C-C22E94C6A931}.Debug|Any CPU.Build.0 = Debug|Any CPU
		{F7B6F36C-D2E3-48F1-A07C-C22E94C6A931}.Release|Any CPU.ActiveCfg = Release|Any CPU
		{F7B6F36C-D2E3-48F1-A07C-C22E94C6A931}.Release|Any CPU.Build.0 = Release|Any CPU
	EndGlobalSection
	GlobalSection(SolutionProperties) = preSolution
		HideSolutionNode = FALSE
	EndGlobalSection
EndGlobal
